
Microsoft Visual Studio Solution File, Format Version 12.00
# Visual Studio Version 17
VisualStudioVersion = 17.11.35327.3
MinimumVisualStudioVersion = 10.0.40219.1
Project("{9A19103F-16F7-4668-BE54-9A1E7A4F7556}") = "Optix.Presentation.WebBlazor", "Optix.Presentation.WebBlazor\Optix.Presentation.WebBlazor.csproj", "{8571C3B5-8F32-468E-AAFF-6EC7839E1205}"
EndProject
Project("{9A19103F-16F7-4668-BE54-9A1E7A4F7556}") = "Optix.AppHost", "Optix.AppHost\Optix.AppHost.csproj", "{6D40B9FC-264C-434F-98A5-E6B83142D49D}"
EndProject
Project("{9A19103F-16F7-4668-BE54-9A1E7A4F7556}") = "Optix.ServiceDefaults", "Optix.ServiceDefaults\Optix.ServiceDefaults.csproj", "{1DB3286E-868F-49CF-BEF4-7FD4C22D8D36}"
EndProject
Project("{9A19103F-16F7-4668-BE54-9A1E7A4F7556}") = "Optix.Service.ServiceAPI", "Optix.Service.ServiceAPI\Optix.Service.ServiceAPI.csproj", "{36DA413A-BB20-4BFC-91D9-FAE985BD1295}"
EndProject
Project("{2150E333-8FDC-42A3-9474-1A3956D46DE8}") = "Solution", "Solution", "{F6D2ACF7-3D22-48F8-96EC-9070A8E4F42B}"
EndProject
Project("{2150E333-8FDC-42A3-9474-1A3956D46DE8}") = "Presentation", "Presentation", "{5FA48508-567A-4BB4-A340-7ECF1646CFF4}"
EndProject
Project("{2150E333-8FDC-42A3-9474-1A3956D46DE8}") = "Database", "Database", "{F51A2C2C-797A-403D-AA9E-E61A8A1CDDAE}"
	ProjectSection(SolutionItems) = preProject
		DDL.sql = DDL.sql
	EndProjectSection
EndProject
Project("{2150E333-8FDC-42A3-9474-1A3956D46DE8}") = "Service", "Service", "{6B5EB2BD-399D-4243-990E-B079EFE3593B}"
EndProject
Project("{2150E333-8FDC-42A3-9474-1A3956D46DE8}") = "Domain", "Domain", "{B769F15E-2298-4A5C-9C2F-E973F5F7D97C}"
EndProject
Project("{9A19103F-16F7-4668-BE54-9A1E7A4F7556}") = "Optix.Domain.Library", "Optix.Domain.Library\Optix.Domain.Library.csproj", "{8326DB73-3372-4341-9DA2-C3A2E6C6A2A1}"
EndProject
Project("{9A19103F-16F7-4668-BE54-9A1E7A4F7556}") = "Optix.Database.DbContext", "Optix.Database.DbContext\Optix.Database.DbContext.csproj", "{C5472725-72D1-4BD7-8F2B-348EFBE963E4}"
EndProject
Project("{2150E333-8FDC-42A3-9474-1A3956D46DE8}") = "Tests", "Tests", "{6DC72217-453F-4A6A-8888-0DBFECE61EFE}"
EndProject
Project("{9A19103F-16F7-4668-BE54-9A1E7A4F7556}") = "Optix.Tests.MSTests", "Optix.Tests.MSTests\Optix.Tests.MSTests.csproj", "{2C681862-B6A9-4733-B9A3-FAAB913B311E}"
EndProject
Global
	GlobalSection(SolutionConfigurationPlatforms) = preSolution
		Debug|Any CPU = Debug|Any CPU
		Release|Any CPU = Release|Any CPU
	EndGlobalSection
	GlobalSection(ProjectConfigurationPlatforms) = postSolution
		{8571C3B5-8F32-468E-AAFF-6EC7839E1205}.Debug|Any CPU.ActiveCfg = Debug|Any CPU
		{8571C3B5-8F32-468E-AAFF-6EC7839E1205}.Debug|Any CPU.Build.0 = Debug|Any CPU
		{8571C3B5-8F32-468E-AAFF-6EC7839E1205}.Release|Any CPU.ActiveCfg = Release|Any CPU
		{8571C3B5-8F32-468E-AAFF-6EC7839E1205}.Release|Any CPU.Build.0 = Release|Any CPU
		{6D40B9FC-264C-434F-98A5-E6B83142D49D}.Debug|Any CPU.ActiveCfg = Debug|Any CPU
		{6D40B9FC-264C-434F-98A5-E6B83142D49D}.Debug|Any CPU.Build.0 = Debug|Any CPU
		{6D40B9FC-264C-434F-98A5-E6B83142D49D}.Release|Any CPU.ActiveCfg = Release|Any CPU
		{6D40B9FC-264C-434F-98A5-E6B83142D49D}.Release|Any CPU.Build.0 = Release|Any CPU
		{1DB3286E-868F-49CF-BEF4-7FD4C22D8D36}.Debug|Any CPU.ActiveCfg = Debug|Any CPU
		{1DB3286E-868F-49CF-BEF4-7FD4C22D8D36}.Debug|Any CPU.Build.0 = Debug|Any CPU
		{1DB3286E-868F-49CF-BEF4-7FD4C22D8D36}.Release|Any CPU.ActiveCfg = Release|Any CPU
		{1DB3286E-868F-49CF-BEF4-7FD4C22D8D36}.Release|Any CPU.Build.0 = Release|Any CPU
		{36DA413A-BB20-4BFC-91D9-FAE985BD1295}.Debug|Any CPU.ActiveCfg = Debug|Any CPU
		{36DA413A-BB20-4BFC-91D9-FAE985BD1295}.Debug|Any CPU.Build.0 = Debug|Any CPU
		{36DA413A-BB20-4BFC-91D9-FAE985BD1295}.Release|Any CPU.ActiveCfg = Release|Any CPU
		{36DA413A-BB20-4BFC-91D9-FAE985BD1295}.Release|Any CPU.Build.0 = Release|Any CPU
		{8326DB73-3372-4341-9DA2-C3A2E6C6A2A1}.Debug|Any CPU.ActiveCfg = Debug|Any CPU
		{8326DB73-3372-4341-9DA2-C3A2E6C6A2A1}.Debug|Any CPU.Build.0 = Debug|Any CPU
		{8326DB73-3372-4341-9DA2-C3A2E6C6A2A1}.Release|Any CPU.ActiveCfg = Release|Any CPU
		{8326DB73-3372-4341-9DA2-C3A2E6C6A2A1}.Release|Any CPU.Build.0 = Release|Any CPU
		{C5472725-72D1-4BD7-8F2B-348EFBE963E4}.Debug|Any CPU.ActiveCfg = Debug|Any CPU
		{C5472725-72D1-4BD7-8F2B-348EFBE963E4}.Debug|Any CPU.Build.0 = Debug|Any CPU
		{C5472725-72D1-4BD7-8F2B-348EFBE963E4}.Release|Any CPU.ActiveCfg = Release|Any CPU
		{C5472725-72D1-4BD7-8F2B-348EFBE963E4}.Release|Any CPU.Build.0 = Release|Any CPU
		{2C681862-B6A9-4733-B9A3-FAAB913B311E}.Debug|Any CPU.ActiveCfg = Debug|Any CPU
		{2C681862-B6A9-4733-B9A3-FAAB913B311E}.Debug|Any CPU.Build.0 = Debug|Any CPU
		{2C681862-B6A9-4733-B9A3-FAAB913B311E}.Release|Any CPU.ActiveCfg = Release|Any CPU
		{2C681862-B6A9-4733-B9A3-FAAB913B311E}.Release|Any CPU.Build.0 = Release|Any CPU
	EndGlobalSection
	GlobalSection(SolutionProperties) = preSolution
		HideSolutionNode = FALSE
	EndGlobalSection
	GlobalSection(NestedProjects) = preSolution
		{8571C3B5-8F32-468E-AAFF-6EC7839E1205} = {5FA48508-567A-4BB4-A340-7ECF1646CFF4}
		{6D40B9FC-264C-434F-98A5-E6B83142D49D} = {6B5EB2BD-399D-4243-990E-B079EFE3593B}
		{1DB3286E-868F-49CF-BEF4-7FD4C22D8D36} = {B769F15E-2298-4A5C-9C2F-E973F5F7D97C}
		{36DA413A-BB20-4BFC-91D9-FAE985BD1295} = {6B5EB2BD-399D-4243-990E-B079EFE3593B}
		{5FA48508-567A-4BB4-A340-7ECF1646CFF4} = {F6D2ACF7-3D22-48F8-96EC-9070A8E4F42B}
		{F51A2C2C-797A-403D-AA9E-E61A8A1CDDAE} = {F6D2ACF7-3D22-48F8-96EC-9070A8E4F42B}
		{6B5EB2BD-399D-4243-990E-B079EFE3593B} = {F6D2ACF7-3D22-48F8-96EC-9070A8E4F42B}
		{B769F15E-2298-4A5C-9C2F-E973F5F7D97C} = {F6D2ACF7-3D22-48F8-96EC-9070A8E4F42B}
		{8326DB73-3372-4341-9DA2-C3A2E6C6A2A1} = {B769F15E-2298-4A5C-9C2F-E973F5F7D97C}
		{C5472725-72D1-4BD7-8F2B-348EFBE963E4} = {F51A2C2C-797A-403D-AA9E-E61A8A1CDDAE}
		{2C681862-B6A9-4733-B9A3-FAAB913B311E} = {6DC72217-453F-4A6A-8888-0DBFECE61EFE}
	EndGlobalSection
	GlobalSection(ExtensibilityGlobals) = postSolution
		SolutionGuid = {020D3978-712D-447E-8537-BBB3A1CD4D8F}
	EndGlobalSection
EndGlobal
